
Microsoft Visual Studio Solution File, Format Version 12.00
# Visual Studio Version 17
VisualStudioVersion = 17.5.002.0
MinimumVisualStudioVersion = 10.0.40219.1
Project("{2150E333-8FDC-42A3-9474-1A3956D46DE8}") = "W1", "W1", "{EC5EFEA4-2D26-4C8F-A980-CEF53B5FE692}"
EndProject
Project("{9A19103F-16F7-4668-BE54-9A1E7A4F7556}") = "Exercise1", "W1\Exercise1\Exercise1.csproj", "{AF4286EC-0399-4ABD-9C6D-1A3538B1DD77}"
EndProject
Global
	GlobalSection(SolutionConfigurationPlatforms) = preSolution
		Debug|Any CPU = Debug|Any CPU
		Release|Any CPU = Release|Any CPU
	EndGlobalSection
	GlobalSection(ProjectConfigurationPlatforms) = postSolution
		{AF4286EC-0399-4ABD-9C6D-1A3538B1DD77}.Debug|Any CPU.ActiveCfg = Debug|Any CPU
		{AF4286EC-0399-4ABD-9C6D-1A3538B1DD77}.Debug|Any CPU.Build.0 = Debug|Any CPU
		{AF4286EC-0399-4ABD-9C6D-1A3538B1DD77}.Release|Any CPU.ActiveCfg = Release|Any CPU
		{AF4286EC-0399-4ABD-9C6D-1A3538B1DD77}.Release|Any CPU.Build.0 = Release|Any CPU
	EndGlobalSection
	GlobalSection(SolutionProperties) = preSolution
		HideSolutionNode = FALSE
	EndGlobalSection
	GlobalSection(NestedProjects) = preSolution
		{AF4286EC-0399-4ABD-9C6D-1A3538B1DD77} = {EC5EFEA4-2D26-4C8F-A980-CEF53B5FE692}
	EndGlobalSection
	GlobalSection(ExtensibilityGlobals) = postSolution
		SolutionGuid = {08EAC886-6395-44C1-97BA-94E723ECA759}
	EndGlobalSection
EndGlobal
