
Microsoft Visual Studio Solution File, Format Version 12.00
# Visual Studio Version 17
VisualStudioVersion = 17.5.002.0
MinimumVisualStudioVersion = 10.0.40219.1
Project("{9A19103F-16F7-4668-BE54-9A1E7A4F7556}") = "Project", "Project.csproj", "{3C33CB93-F823-43F9-B889-A5B5896FD266}"
EndProject
Project("{FAE04EC0-301F-11D3-BF4B-00C04F79EFBC}") = "Project.Data", "..\Project.Data\Project.Data.csproj", "{8C2CBCF4-D9DF-4272-B0EE-A265ADC2E5CB}"
EndProject
Project("{FAE04EC0-301F-11D3-BF4B-00C04F79EFBC}") = "Project.Logic", "..\Project.Logic\Project.Logic.csproj", "{D23DD952-7B91-4A5C-86C4-4A2FDD970119}"
EndProject
Global
	GlobalSection(SolutionConfigurationPlatforms) = preSolution
		Debug|Any CPU = Debug|Any CPU
		Release|Any CPU = Release|Any CPU
	EndGlobalSection
	GlobalSection(ProjectConfigurationPlatforms) = postSolution
		{3C33CB93-F823-43F9-B889-A5B5896FD266}.Debug|Any CPU.ActiveCfg = Debug|Any CPU
		{3C33CB93-F823-43F9-B889-A5B5896FD266}.Debug|Any CPU.Build.0 = Debug|Any CPU
		{3C33CB93-F823-43F9-B889-A5B5896FD266}.Release|Any CPU.ActiveCfg = Release|Any CPU
		{3C33CB93-F823-43F9-B889-A5B5896FD266}.Release|Any CPU.Build.0 = Release|Any CPU
		{8C2CBCF4-D9DF-4272-B0EE-A265ADC2E5CB}.Debug|Any CPU.ActiveCfg = Debug|Any CPU
		{8C2CBCF4-D9DF-4272-B0EE-A265ADC2E5CB}.Debug|Any CPU.Build.0 = Debug|Any CPU
		{8C2CBCF4-D9DF-4272-B0EE-A265ADC2E5CB}.Release|Any CPU.ActiveCfg = Release|Any CPU
		{8C2CBCF4-D9DF-4272-B0EE-A265ADC2E5CB}.Release|Any CPU.Build.0 = Release|Any CPU
		{D23DD952-7B91-4A5C-86C4-4A2FDD970119}.Debug|Any CPU.ActiveCfg = Debug|Any CPU
		{D23DD952-7B91-4A5C-86C4-4A2FDD970119}.Debug|Any CPU.Build.0 = Debug|Any CPU
		{D23DD952-7B91-4A5C-86C4-4A2FDD970119}.Release|Any CPU.ActiveCfg = Release|Any CPU
		{D23DD952-7B91-4A5C-86C4-4A2FDD970119}.Release|Any CPU.Build.0 = Release|Any CPU
	EndGlobalSection
	GlobalSection(SolutionProperties) = preSolution
		HideSolutionNode = FALSE
	EndGlobalSection
	GlobalSection(ExtensibilityGlobals) = postSolution
		SolutionGuid = {373799B7-3F5B-4BA6-B677-7E0F088FA298}
	EndGlobalSection
EndGlobal
